
Microsoft Visual Studio Solution File, Format Version 12.00
# Visual Studio Version 16
VisualStudioVersion = 16.0.31424.327
MinimumVisualStudioVersion = 10.0.40219.1
Project("{FAE04EC0-301F-11D3-BF4B-00C04F79EFBC}") = "Lab02", "Lab02\Lab02.csproj", "{D49EFA0C-6596-49E1-8903-5A60B5A39811}"
EndProject
Project("{FAE04EC0-301F-11D3-BF4B-00C04F79EFBC}") = "TestLab02", "TestLab02\TestLab02.csproj", "{D84A4C0C-B99B-41D3-A5BE-9343E22E01D0}"
EndProject
Global
	GlobalSection(SolutionConfigurationPlatforms) = preSolution
		Debug|Any CPU = Debug|Any CPU
		Release|Any CPU = Release|Any CPU
	EndGlobalSection
	GlobalSection(ProjectConfigurationPlatforms) = postSolution
		{D49EFA0C-6596-49E1-8903-5A60B5A39811}.Debug|Any CPU.ActiveCfg = Debug|Any CPU
		{D49EFA0C-6596-49E1-8903-5A60B5A39811}.Debug|Any CPU.Build.0 = Debug|Any CPU
		{D49EFA0C-6596-49E1-8903-5A60B5A39811}.Release|Any CPU.ActiveCfg = Release|Any CPU
		{D49EFA0C-6596-49E1-8903-5A60B5A39811}.Release|Any CPU.Build.0 = Release|Any CPU
		{D84A4C0C-B99B-41D3-A5BE-9343E22E01D0}.Debug|Any CPU.ActiveCfg = Debug|Any CPU
		{D84A4C0C-B99B-41D3-A5BE-9343E22E01D0}.Debug|Any CPU.Build.0 = Debug|Any CPU
		{D84A4C0C-B99B-41D3-A5BE-9343E22E01D0}.Release|Any CPU.ActiveCfg = Release|Any CPU
		{D84A4C0C-B99B-41D3-A5BE-9343E22E01D0}.Release|Any CPU.Build.0 = Release|Any CPU
	EndGlobalSection
	GlobalSection(SolutionProperties) = preSolution
		HideSolutionNode = FALSE
	EndGlobalSection
	GlobalSection(ExtensibilityGlobals) = postSolution
		SolutionGuid = {160A8F8E-0213-4289-84F1-92ACB8128230}
	EndGlobalSection
EndGlobal
